
Microsoft Visual Studio Solution File, Format Version 12.00
# Visual Studio 14
VisualStudioVersion = 14.0.25420.1
MinimumVisualStudioVersion = 10.0.40219.1
Project("{FAE04EC0-301F-11D3-BF4B-00C04F79EFBC}") = "Algorithms", "Algorithms\Algorithms.csproj", "{53C2C2AA-9200-4434-9FC5-C84B0F6C20F9}"
EndProject
Global
	GlobalSection(SolutionConfigurationPlatforms) = preSolution
		Debug|Any CPU = Debug|Any CPU
		Release|Any CPU = Release|Any CPU
	EndGlobalSection
	GlobalSection(ProjectConfigurationPlatforms) = postSolution
		{53C2C2AA-9200-4434-9FC5-C84B0F6C20F9}.Debug|Any CPU.ActiveCfg = Debug|Any CPU
		{53C2C2AA-9200-4434-9FC5-C84B0F6C20F9}.Debug|Any CPU.Build.0 = Debug|Any CPU
		{53C2C2AA-9200-4434-9FC5-C84B0F6C20F9}.Release|Any CPU.ActiveCfg = Release|Any CPU
		{53C2C2AA-9200-4434-9FC5-C84B0F6C20F9}.Release|Any CPU.Build.0 = Release|Any CPU
	EndGlobalSection
	GlobalSection(SolutionProperties) = preSolution
		HideSolutionNode = FALSE
	EndGlobalSection
EndGlobal
